
Microsoft Visual Studio Solution File, Format Version 12.00
# Visual Studio Version 17
VisualStudioVersion = 17.4.33213.308
MinimumVisualStudioVersion = 10.0.40219.1
Project("{FAE04EC0-301F-11D3-BF4B-00C04F79EFBC}") = "HandleImage", "HandleImage\HandleImage.csproj", "{2F9DF6D9-76A1-456F-BE8E-4167B86B16BA}"
EndProject
Global
	GlobalSection(SolutionConfigurationPlatforms) = preSolution
		Debug|Any CPU = Debug|Any CPU
		Release|Any CPU = Release|Any CPU
	EndGlobalSection
	GlobalSection(ProjectConfigurationPlatforms) = postSolution
		{2F9DF6D9-76A1-456F-BE8E-4167B86B16BA}.Debug|Any CPU.ActiveCfg = Debug|Any CPU
		{2F9DF6D9-76A1-456F-BE8E-4167B86B16BA}.Debug|Any CPU.Build.0 = Debug|Any CPU
		{2F9DF6D9-76A1-456F-BE8E-4167B86B16BA}.Release|Any CPU.ActiveCfg = Release|Any CPU
		{2F9DF6D9-76A1-456F-BE8E-4167B86B16BA}.Release|Any CPU.Build.0 = Release|Any CPU
	EndGlobalSection
	GlobalSection(SolutionProperties) = preSolution
		HideSolutionNode = FALSE
	EndGlobalSection
	GlobalSection(ExtensibilityGlobals) = postSolution
		SolutionGuid = {B00EED80-F70F-405E-AF73-EC57A13CA4F1}
	EndGlobalSection
EndGlobal
